{
  "object": {
    "pins": [
      {
        "package": "Alamofire",
        "repositoryURL": "https://github.com/Alamofire/Alamofire.git",
        "state": {
          "branch": null,
          "revision": "59037bfd28aa963a7916f1eb22a74107a3522f16",
          "version": "5.0.5"
        }
      },
      {
        "package": "KakaJSON",
        "repositoryURL": "git@github.com:kakaopensource/KakaJSON.git",
        "state": {
          "branch": null,
          "revision": "88d8587a90b8efaac9228baee3a759c25f8a6dd3",
          "version": "1.1.2"
        }
      },
      {
        "package": "PackageTestLibrary",
        "repositoryURL": "https://github.com/zhuli8com/PackageTestLibrary.git",
        "state": {
          "branch": "master",
          "revision": "c3279a402f5fabcc9d2d0b08786d5e88038fbf02",
          "version": null
        }
      },
      {
        "package": "SwiftyJSON",
        "repositoryURL": "https://github.com/SwiftyJSON/SwiftyJSON.git",
        "state": {
          "branch": null,
          "revision": "2b6054efa051565954e1d2b9da831680026cd768",
          "version": "5.0.0"
        }
      }
    ]
  },
  "version": 1
}
