// !$*UTF8*$!
{
	archiveVersion = 1;
	classes = {
	};
	objectVersion = 51;
	objects = {

/* Begin PBXBuildFile section */
		79FDCA91DD85C5C10F666EA2 /* Pods_Swift_MVC_Swift_MVCUITests.framework in Frameworks */ = {isa = PBXBuildFile; fileRef = F65D9DDD6AA78782AEC985CE /* Pods_Swift_MVC_Swift_MVCUITests.framework */; };
		9DEFE4F4B88631AACAAA0158 /* Pods_Swift_MVCTests.framework in Frameworks */ = {isa = PBXBuildFile; fileRef = 57DCB95025EC47A0B4F8CB17 /* Pods_Swift_MVCTests.framework */; };
		AC2CD82224380BA000B9D0A8 /* BaseViewController.swift in Sources */ = {isa = PBXBuildFile; fileRef = AC2CD82124380BA000B9D0A8 /* BaseViewController.swift */; };
		AC2CD82524380BD700B9D0A8 /* UIColorExtension.swift in Sources */ = {isa = PBXBuildFile; fileRef = AC2CD82424380BD700B9D0A8 /* UIColorExtension.swift */; };
		AC2CD82924380E4900B9D0A8 /* LoginViewController.swift in Sources */ = {isa = PBXBuildFile; fileRef = AC2CD82824380E4900B9D0A8 /* LoginViewController.swift */; };
		AC2CD82C243811A600B9D0A8 /* R.generated.swift in Sources */ = {isa = PBXBuildFile; fileRef = AC2CD82B243811A600B9D0A8 /* R.generated.swift */; };
		AC2CD8412438122D00B9D0A8 /* home@2x.png in Resources */ = {isa = PBXBuildFile; fileRef = AC2CD82E2438122D00B9D0A8 /* home@2x.png */; };
		AC2CD8422438122D00B9D0A8 /* icon_pwd@2x.png in Resources */ = {isa = PBXBuildFile; fileRef = AC2CD82F2438122D00B9D0A8 /* icon_pwd@2x.png */; };
		AC2CD8432438122D00B9D0A8 /* icon_life@2x.png in Resources */ = {isa = PBXBuildFile; fileRef = AC2CD8302438122D00B9D0A8 /* icon_life@2x.png */; };
		AC2CD8442438122D00B9D0A8 /* defaultAvatar@2x.jpg in Resources */ = {isa = PBXBuildFile; fileRef = AC2CD8312438122D00B9D0A8 /* defaultAvatar@2x.jpg */; };
		AC2CD8452438122D00B9D0A8 /* mine_selected@2x.png in Resources */ = {isa = PBXBuildFile; fileRef = AC2CD8322438122D00B9D0A8 /* mine_selected@2x.png */; };
		AC2CD8462438122D00B9D0A8 /* book@2x.png in Resources */ = {isa = PBXBuildFile; fileRef = AC2CD8332438122D00B9D0A8 /* book@2x.png */; };
		AC2CD8472438122D00B9D0A8 /* student@2x.png in Resources */ = {isa = PBXBuildFile; fileRef = AC2CD8342438122D00B9D0A8 /* student@2x.png */; };
		AC2CD8482438122D00B9D0A8 /* icon_phone@2x.png in Resources */ = {isa = PBXBuildFile; fileRef = AC2CD8352438122D00B9D0A8 /* icon_phone@2x.png */; };
		AC2CD8492438122D00B9D0A8 /* icon_cal@2x.png in Resources */ = {isa = PBXBuildFile; fileRef = AC2CD8362438122D00B9D0A8 /* icon_cal@2x.png */; };
		AC2CD84A2438122D00B9D0A8 /* icon_course@2x.png in Resources */ = {isa = PBXBuildFile; fileRef = AC2CD8372438122D00B9D0A8 /* icon_course@2x.png */; };
		AC2CD84B2438122D00B9D0A8 /* detailBg@2x.png in Resources */ = {isa = PBXBuildFile; fileRef = AC2CD8382438122D00B9D0A8 /* detailBg@2x.png */; };
		AC2CD84C2438122D00B9D0A8 /* logo@2x.png in Resources */ = {isa = PBXBuildFile; fileRef = AC2CD8392438122D00B9D0A8 /* logo@2x.png */; };
		AC2CD84D2438122D00B9D0A8 /* mine@2x.png in Resources */ = {isa = PBXBuildFile; fileRef = AC2CD83A2438122D00B9D0A8 /* mine@2x.png */; };
		AC2CD84E2438122D00B9D0A8 /* icon_between@2x.png in Resources */ = {isa = PBXBuildFile; fileRef = AC2CD83B2438122D00B9D0A8 /* icon_between@2x.png */; };
		AC2CD84F2438122D00B9D0A8 /* home_selected@2x.png in Resources */ = {isa = PBXBuildFile; fileRef = AC2CD83C2438122D00B9D0A8 /* home_selected@2x.png */; };
		AC2CD8502438122D00B9D0A8 /* icon_live@2x.png in Resources */ = {isa = PBXBuildFile; fileRef = AC2CD83D2438122D00B9D0A8 /* icon_live@2x.png */; };
		AC2CD8512438122D00B9D0A8 /* icon_document@2x.png in Resources */ = {isa = PBXBuildFile; fileRef = AC2CD83E2438122D00B9D0A8 /* icon_document@2x.png */; };
		AC2CD8522438122D00B9D0A8 /* icon_right_arrow@2x.png in Resources */ = {isa = PBXBuildFile; fileRef = AC2CD83F2438122D00B9D0A8 /* icon_right_arrow@2x.png */; };
		AC2CD8532438122D00B9D0A8 /* icon_column@2x.png in Resources */ = {isa = PBXBuildFile; fileRef = AC2CD8402438122D00B9D0A8 /* icon_column@2x.png */; };
		AC37BBBB2433DF3B00340BEA /* API.swift in Sources */ = {isa = PBXBuildFile; fileRef = AC37BBBA2433DF3B00340BEA /* API.swift */; };
		AC3CEDF32432EE5600CEE1EC /* RepositoryPresenter.swift in Sources */ = {isa = PBXBuildFile; fileRef = AC3CEDF22432EE5600CEE1EC /* RepositoryPresenter.swift */; };
		AC51D2252431E19300EEC9D2 /* AppDelegate.swift in Sources */ = {isa = PBXBuildFile; fileRef = AC51D2242431E19300EEC9D2 /* AppDelegate.swift */; };
		AC51D2292431E19300EEC9D2 /* ViewController.swift in Sources */ = {isa = PBXBuildFile; fileRef = AC51D2282431E19300EEC9D2 /* ViewController.swift */; };
		AC51D22E2431E19700EEC9D2 /* Assets.xcassets in Resources */ = {isa = PBXBuildFile; fileRef = AC51D22D2431E19700EEC9D2 /* Assets.xcassets */; };
		AC51D2312431E19700EEC9D2 /* LaunchScreen.storyboard in Resources */ = {isa = PBXBuildFile; fileRef = AC51D22F2431E19700EEC9D2 /* LaunchScreen.storyboard */; };
		AC51D23C2431E19700EEC9D2 /* Swift_MVCTests.swift in Sources */ = {isa = PBXBuildFile; fileRef = AC51D23B2431E19700EEC9D2 /* Swift_MVCTests.swift */; };
		AC51D2472431E19700EEC9D2 /* Swift_MVCUITests.swift in Sources */ = {isa = PBXBuildFile; fileRef = AC51D2462431E19700EEC9D2 /* Swift_MVCUITests.swift */; };
		AC51D25A2431E6B900EEC9D2 /* Repository.swift in Sources */ = {isa = PBXBuildFile; fileRef = AC51D2592431E6B900EEC9D2 /* Repository.swift */; };
		AC51D25C2431E6C700EEC9D2 /* User.swift in Sources */ = {isa = PBXBuildFile; fileRef = AC51D25B2431E6C700EEC9D2 /* User.swift */; };
		AC57565C243865D5002FCF9B /* ValidatesPhoneNumber.swift in Sources */ = {isa = PBXBuildFile; fileRef = AC57565B243865D5002FCF9B /* ValidatesPhoneNumber.swift */; };
		AC57565E243866BF002FCF9B /* ValidatesPassword.swift in Sources */ = {isa = PBXBuildFile; fileRef = AC57565D243866BF002FCF9B /* ValidatesPassword.swift */; };
		ACEAFF322436AA3400B976D4 /* LoginViewController_1.swift in Sources */ = {isa = PBXBuildFile; fileRef = ACEAFF312436AA3400B976D4 /* LoginViewController_1.swift */; };
		ACEAFF342436AB2B00B976D4 /* LoginViewController.storyboard in Resources */ = {isa = PBXBuildFile; fileRef = ACEAFF332436AB2B00B976D4 /* LoginViewController.storyboard */; };
		ACEAFF362436AC5C00B976D4 /* LoginViewModel.swift in Sources */ = {isa = PBXBuildFile; fileRef = ACEAFF352436AC5C00B976D4 /* LoginViewModel.swift */; };
		ACEAFF382436AFF000B976D4 /* LoginViewModelDelegate.swift in Sources */ = {isa = PBXBuildFile; fileRef = ACEAFF372436AFF000B976D4 /* LoginViewModelDelegate.swift */; };
		E8953D8A08E910147C4F997F /* Pods_Swift_MVC.framework in Frameworks */ = {isa = PBXBuildFile; fileRef = 4DDA711B556568AD33469AF6 /* Pods_Swift_MVC.framework */; };
/* End PBXBuildFile section */

/* Begin PBXContainerItemProxy section */
		AC51D2382431E19700EEC9D2 /* PBXContainerItemProxy */ = {
			isa = PBXContainerItemProxy;
			containerPortal = AC51D2192431E19300EEC9D2 /* Project object */;
			proxyType = 1;
			remoteGlobalIDString = AC51D2202431E19300EEC9D2;
			remoteInfo = "Swift-MVC";
		};
		AC51D2432431E19700EEC9D2 /* PBXContainerItemProxy */ = {
			isa = PBXContainerItemProxy;
			containerPortal = AC51D2192431E19300EEC9D2 /* Project object */;
			proxyType = 1;
			remoteGlobalIDString = AC51D2202431E19300EEC9D2;
			remoteInfo = "Swift-MVC";
		};
/* End PBXContainerItemProxy section */

/* Begin PBXFileReference section */
		0E60F76F9717A871CAD1D063 /* Pods-Swift-MVC-Swift-MVCUITests.release.xcconfig */ = {isa = PBXFileReference; includeInIndex = 1; lastKnownFileType = text.xcconfig; name = "Pods-Swift-MVC-Swift-MVCUITests.release.xcconfig"; path = "Target Support Files/Pods-Swift-MVC-Swift-MVCUITests/Pods-Swift-MVC-Swift-MVCUITests.release.xcconfig"; sourceTree = "<group>"; };
		2619630E8E1B2CA6066D35A2 /* Pods-Swift-MVC.debug.xcconfig */ = {isa = PBXFileReference; includeInIndex = 1; lastKnownFileType = text.xcconfig; name = "Pods-Swift-MVC.debug.xcconfig"; path = "Target Support Files/Pods-Swift-MVC/Pods-Swift-MVC.debug.xcconfig"; sourceTree = "<group>"; };
		34E03549CBF548C4C6FC1877 /* Pods-Swift-MVCTests.release.xcconfig */ = {isa = PBXFileReference; includeInIndex = 1; lastKnownFileType = text.xcconfig; name = "Pods-Swift-MVCTests.release.xcconfig"; path = "Target Support Files/Pods-Swift-MVCTests/Pods-Swift-MVCTests.release.xcconfig"; sourceTree = "<group>"; };
		409E916D43555DD9B7BED2A1 /* Pods-Swift-MVCTests.debug.xcconfig */ = {isa = PBXFileReference; includeInIndex = 1; lastKnownFileType = text.xcconfig; name = "Pods-Swift-MVCTests.debug.xcconfig"; path = "Target Support Files/Pods-Swift-MVCTests/Pods-Swift-MVCTests.debug.xcconfig"; sourceTree = "<group>"; };
		4DDA711B556568AD33469AF6 /* Pods_Swift_MVC.framework */ = {isa = PBXFileReference; explicitFileType = wrapper.framework; includeInIndex = 0; path = Pods_Swift_MVC.framework; sourceTree = BUILT_PRODUCTS_DIR; };
		57DCB95025EC47A0B4F8CB17 /* Pods_Swift_MVCTests.framework */ = {isa = PBXFileReference; explicitFileType = wrapper.framework; includeInIndex = 0; path = Pods_Swift_MVCTests.framework; sourceTree = BUILT_PRODUCTS_DIR; };
		9F8741B119FDE19B4C681FB9 /* Pods-Swift-MVC.release.xcconfig */ = {isa = PBXFileReference; includeInIndex = 1; lastKnownFileType = text.xcconfig; name = "Pods-Swift-MVC.release.xcconfig"; path = "Target Support Files/Pods-Swift-MVC/Pods-Swift-MVC.release.xcconfig"; sourceTree = "<group>"; };
		A8DA757E0FA2459A41625EAB /* Pods-Swift-MVC-Swift-MVCUITests.debug.xcconfig */ = {isa = PBXFileReference; includeInIndex = 1; lastKnownFileType = text.xcconfig; name = "Pods-Swift-MVC-Swift-MVCUITests.debug.xcconfig"; path = "Target Support Files/Pods-Swift-MVC-Swift-MVCUITests/Pods-Swift-MVC-Swift-MVCUITests.debug.xcconfig"; sourceTree = "<group>"; };
		AC2CD82124380BA000B9D0A8 /* BaseViewController.swift */ = {isa = PBXFileReference; lastKnownFileType = sourcecode.swift; path = BaseViewController.swift; sourceTree = "<group>"; };
		AC2CD82424380BD700B9D0A8 /* UIColorExtension.swift */ = {isa = PBXFileReference; lastKnownFileType = sourcecode.swift; path = UIColorExtension.swift; sourceTree = "<group>"; };
		AC2CD82824380E4900B9D0A8 /* LoginViewController.swift */ = {isa = PBXFileReference; lastKnownFileType = sourcecode.swift; path = LoginViewController.swift; sourceTree = "<group>"; };
		AC2CD82B243811A600B9D0A8 /* R.generated.swift */ = {isa = PBXFileReference; fileEncoding = 4; lastKnownFileType = sourcecode.swift; path = R.generated.swift; sourceTree = SOURCE_ROOT; };
		AC2CD82E2438122D00B9D0A8 /* home@2x.png */ = {isa = PBXFileReference; lastKnownFileType = image.png; path = "home@2x.png"; sourceTree = "<group>"; };
		AC2CD82F2438122D00B9D0A8 /* icon_pwd@2x.png */ = {isa = PBXFileReference; lastKnownFileType = image.png; path = "icon_pwd@2x.png"; sourceTree = "<group>"; };
		AC2CD8302438122D00B9D0A8 /* icon_life@2x.png */ = {isa = PBXFileReference; lastKnownFileType = image.png; path = "icon_life@2x.png"; sourceTree = "<group>"; };
		AC2CD8312438122D00B9D0A8 /* defaultAvatar@2x.jpg */ = {isa = PBXFileReference; lastKnownFileType = image.jpeg; path = "defaultAvatar@2x.jpg"; sourceTree = "<group>"; };
		AC2CD8322438122D00B9D0A8 /* mine_selected@2x.png */ = {isa = PBXFileReference; lastKnownFileType = image.png; path = "mine_selected@2x.png"; sourceTree = "<group>"; };
		AC2CD8332438122D00B9D0A8 /* book@2x.png */ = {isa = PBXFileReference; lastKnownFileType = image.png; path = "book@2x.png"; sourceTree = "<group>"; };
		AC2CD8342438122D00B9D0A8 /* student@2x.png */ = {isa = PBXFileReference; lastKnownFileType = image.png; path = "student@2x.png"; sourceTree = "<group>"; };
		AC2CD8352438122D00B9D0A8 /* icon_phone@2x.png */ = {isa = PBXFileReference; lastKnownFileType = image.png; path = "icon_phone@2x.png"; sourceTree = "<group>"; };
		AC2CD8362438122D00B9D0A8 /* icon_cal@2x.png */ = {isa = PBXFileReference; lastKnownFileType = image.png; path = "icon_cal@2x.png"; sourceTree = "<group>"; };
		AC2CD8372438122D00B9D0A8 /* icon_course@2x.png */ = {isa = PBXFileReference; lastKnownFileType = image.png; path = "icon_course@2x.png"; sourceTree = "<group>"; };
		AC2CD8382438122D00B9D0A8 /* detailBg@2x.png */ = {isa = PBXFileReference; lastKnownFileType = image.png; path = "detailBg@2x.png"; sourceTree = "<group>"; };
		AC2CD8392438122D00B9D0A8 /* logo@2x.png */ = {isa = PBXFileReference; lastKnownFileType = image.png; path = "logo@2x.png"; sourceTree = "<group>"; };
		AC2CD83A2438122D00B9D0A8 /* mine@2x.png */ = {isa = PBXFileReference; lastKnownFileType = image.png; path = "mine@2x.png"; sourceTree = "<group>"; };
		AC2CD83B2438122D00B9D0A8 /* icon_between@2x.png */ = {isa = PBXFileReference; lastKnownFileType = image.png; path = "icon_between@2x.png"; sourceTree = "<group>"; };
		AC2CD83C2438122D00B9D0A8 /* home_selected@2x.png */ = {isa = PBXFileReference; lastKnownFileType = image.png; path = "home_selected@2x.png"; sourceTree = "<group>"; };
		AC2CD83D2438122D00B9D0A8 /* icon_live@2x.png */ = {isa = PBXFileReference; lastKnownFileType = image.png; path = "icon_live@2x.png"; sourceTree = "<group>"; };
		AC2CD83E2438122D00B9D0A8 /* icon_document@2x.png */ = {isa = PBXFileReference; lastKnownFileType = image.png; path = "icon_document@2x.png"; sourceTree = "<group>"; };
		AC2CD83F2438122D00B9D0A8 /* icon_right_arrow@2x.png */ = {isa = PBXFileReference; lastKnownFileType = image.png; path = "icon_right_arrow@2x.png"; sourceTree = "<group>"; };
		AC2CD8402438122D00B9D0A8 /* icon_column@2x.png */ = {isa = PBXFileReference; lastKnownFileType = image.png; path = "icon_column@2x.png"; sourceTree = "<group>"; };
		AC37BBBA2433DF3B00340BEA /* API.swift */ = {isa = PBXFileReference; lastKnownFileType = sourcecode.swift; path = API.swift; sourceTree = "<group>"; };
		AC3CEDF22432EE5600CEE1EC /* RepositoryPresenter.swift */ = {isa = PBXFileReference; lastKnownFileType = sourcecode.swift; path = RepositoryPresenter.swift; sourceTree = "<group>"; };
		AC51D2212431E19300EEC9D2 /* Swift-MVC.app */ = {isa = PBXFileReference; explicitFileType = wrapper.application; includeInIndex = 0; path = "Swift-MVC.app"; sourceTree = BUILT_PRODUCTS_DIR; };
		AC51D2242431E19300EEC9D2 /* AppDelegate.swift */ = {isa = PBXFileReference; lastKnownFileType = sourcecode.swift; path = AppDelegate.swift; sourceTree = "<group>"; };
		AC51D2282431E19300EEC9D2 /* ViewController.swift */ = {isa = PBXFileReference; lastKnownFileType = sourcecode.swift; path = ViewController.swift; sourceTree = "<group>"; };
		AC51D22D2431E19700EEC9D2 /* Assets.xcassets */ = {isa = PBXFileReference; lastKnownFileType = folder.assetcatalog; path = Assets.xcassets; sourceTree = "<group>"; };
		AC51D2302431E19700EEC9D2 /* Base */ = {isa = PBXFileReference; lastKnownFileType = file.storyboard; name = Base; path = Base.lproj/LaunchScreen.storyboard; sourceTree = "<group>"; };
		AC51D2322431E19700EEC9D2 /* Info.plist */ = {isa = PBXFileReference; lastKnownFileType = text.plist.xml; path = Info.plist; sourceTree = "<group>"; };
		AC51D2372431E19700EEC9D2 /* Swift-MVCTests.xctest */ = {isa = PBXFileReference; explicitFileType = wrapper.cfbundle; includeInIndex = 0; path = "Swift-MVCTests.xctest"; sourceTree = BUILT_PRODUCTS_DIR; };
		AC51D23B2431E19700EEC9D2 /* Swift_MVCTests.swift */ = {isa = PBXFileReference; lastKnownFileType = sourcecode.swift; path = Swift_MVCTests.swift; sourceTree = "<group>"; };
		AC51D23D2431E19700EEC9D2 /* Info.plist */ = {isa = PBXFileReference; lastKnownFileType = text.plist.xml; path = Info.plist; sourceTree = "<group>"; };
		AC51D2422431E19700EEC9D2 /* Swift-MVCUITests.xctest */ = {isa = PBXFileReference; explicitFileType = wrapper.cfbundle; includeInIndex = 0; path = "Swift-MVCUITests.xctest"; sourceTree = BUILT_PRODUCTS_DIR; };
		AC51D2462431E19700EEC9D2 /* Swift_MVCUITests.swift */ = {isa = PBXFileReference; lastKnownFileType = sourcecode.swift; path = Swift_MVCUITests.swift; sourceTree = "<group>"; };
		AC51D2482431E19700EEC9D2 /* Info.plist */ = {isa = PBXFileReference; lastKnownFileType = text.plist.xml; path = Info.plist; sourceTree = "<group>"; };
		AC51D2552431E1CB00EEC9D2 /* README.md */ = {isa = PBXFileReference; lastKnownFileType = net.daringfireball.markdown; path = README.md; sourceTree = "<group>"; };
		AC51D2592431E6B900EEC9D2 /* Repository.swift */ = {isa = PBXFileReference; lastKnownFileType = sourcecode.swift; path = Repository.swift; sourceTree = "<group>"; };
		AC51D25B2431E6C700EEC9D2 /* User.swift */ = {isa = PBXFileReference; lastKnownFileType = sourcecode.swift; path = User.swift; sourceTree = "<group>"; };
		AC57565B243865D5002FCF9B /* ValidatesPhoneNumber.swift */ = {isa = PBXFileReference; lastKnownFileType = sourcecode.swift; path = ValidatesPhoneNumber.swift; sourceTree = "<group>"; };
		AC57565D243866BF002FCF9B /* ValidatesPassword.swift */ = {isa = PBXFileReference; lastKnownFileType = sourcecode.swift; path = ValidatesPassword.swift; sourceTree = "<group>"; };
		ACEAFF312436AA3400B976D4 /* LoginViewController_1.swift */ = {isa = PBXFileReference; lastKnownFileType = sourcecode.swift; path = LoginViewController_1.swift; sourceTree = "<group>"; };
		ACEAFF332436AB2B00B976D4 /* LoginViewController.storyboard */ = {isa = PBXFileReference; lastKnownFileType = file.storyboard; path = LoginViewController.storyboard; sourceTree = "<group>"; };
		ACEAFF352436AC5C00B976D4 /* LoginViewModel.swift */ = {isa = PBXFileReference; lastKnownFileType = sourcecode.swift; path = LoginViewModel.swift; sourceTree = "<group>"; };
		ACEAFF372436AFF000B976D4 /* LoginViewModelDelegate.swift */ = {isa = PBXFileReference; lastKnownFileType = sourcecode.swift; path = LoginViewModelDelegate.swift; sourceTree = "<group>"; };
		F65D9DDD6AA78782AEC985CE /* Pods_Swift_MVC_Swift_MVCUITests.framework */ = {isa = PBXFileReference; explicitFileType = wrapper.framework; includeInIndex = 0; path = Pods_Swift_MVC_Swift_MVCUITests.framework; sourceTree = BUILT_PRODUCTS_DIR; };
/* End PBXFileReference section */

/* Begin PBXFrameworksBuildPhase section */
		AC51D21E2431E19300EEC9D2 /* Frameworks */ = {
			isa = PBXFrameworksBuildPhase;
			buildActionMask = 2147483647;
			files = (
				E8953D8A08E910147C4F997F /* Pods_Swift_MVC.framework in Frameworks */,
			);
			runOnlyForDeploymentPostprocessing = 0;
		};
		AC51D2342431E19700EEC9D2 /* Frameworks */ = {
			isa = PBXFrameworksBuildPhase;
			buildActionMask = 2147483647;
			files = (
				9DEFE4F4B88631AACAAA0158 /* Pods_Swift_MVCTests.framework in Frameworks */,
			);
			runOnlyForDeploymentPostprocessing = 0;
		};
		AC51D23F2431E19700EEC9D2 /* Frameworks */ = {
			isa = PBXFrameworksBuildPhase;
			buildActionMask = 2147483647;
			files = (
				79FDCA91DD85C5C10F666EA2 /* Pods_Swift_MVC_Swift_MVCUITests.framework in Frameworks */,
			);
			runOnlyForDeploymentPostprocessing = 0;
		};
/* End PBXFrameworksBuildPhase section */

/* Begin PBXGroup section */
		0F34DBCA983CB64785FD078B /* Pods */ = {
			isa = PBXGroup;
			children = (
				2619630E8E1B2CA6066D35A2 /* Pods-Swift-MVC.debug.xcconfig */,
				9F8741B119FDE19B4C681FB9 /* Pods-Swift-MVC.release.xcconfig */,
				A8DA757E0FA2459A41625EAB /* Pods-Swift-MVC-Swift-MVCUITests.debug.xcconfig */,
				0E60F76F9717A871CAD1D063 /* Pods-Swift-MVC-Swift-MVCUITests.release.xcconfig */,
				409E916D43555DD9B7BED2A1 /* Pods-Swift-MVCTests.debug.xcconfig */,
				34E03549CBF548C4C6FC1877 /* Pods-Swift-MVCTests.release.xcconfig */,
			);
			path = Pods;
			sourceTree = "<group>";
		};
		AC2CD82324380BB000B9D0A8 /* Extensions */ = {
			isa = PBXGroup;
			children = (
				AC2CD82424380BD700B9D0A8 /* UIColorExtension.swift */,
			);
			path = Extensions;
			sourceTree = "<group>";
		};
		AC2CD82D2438122D00B9D0A8 /* Resouces */ = {
			isa = PBXGroup;
			children = (
				AC2CD82E2438122D00B9D0A8 /* home@2x.png */,
				AC2CD82F2438122D00B9D0A8 /* icon_pwd@2x.png */,
				AC2CD8302438122D00B9D0A8 /* icon_life@2x.png */,
				AC2CD8312438122D00B9D0A8 /* defaultAvatar@2x.jpg */,
				AC2CD8322438122D00B9D0A8 /* mine_selected@2x.png */,
				AC2CD8332438122D00B9D0A8 /* book@2x.png */,
				AC2CD8342438122D00B9D0A8 /* student@2x.png */,
				AC2CD8352438122D00B9D0A8 /* icon_phone@2x.png */,
				AC2CD8362438122D00B9D0A8 /* icon_cal@2x.png */,
				AC2CD8372438122D00B9D0A8 /* icon_course@2x.png */,
				AC2CD8382438122D00B9D0A8 /* detailBg@2x.png */,
				AC2CD8392438122D00B9D0A8 /* logo@2x.png */,
				AC2CD83A2438122D00B9D0A8 /* mine@2x.png */,
				AC2CD83B2438122D00B9D0A8 /* icon_between@2x.png */,
				AC2CD83C2438122D00B9D0A8 /* home_selected@2x.png */,
				AC2CD83D2438122D00B9D0A8 /* icon_live@2x.png */,
				AC2CD83E2438122D00B9D0A8 /* icon_document@2x.png */,
				AC2CD83F2438122D00B9D0A8 /* icon_right_arrow@2x.png */,
				AC2CD8402438122D00B9D0A8 /* icon_column@2x.png */,
			);
			path = Resouces;
			sourceTree = SOURCE_ROOT;
		};
		AC37BBB92433DF2300340BEA /* Services */ = {
			isa = PBXGroup;
			children = (
				AC37BBBA2433DF3B00340BEA /* API.swift */,
			);
			path = Services;
			sourceTree = "<group>";
		};
		AC3CEDF12432EE2E00CEE1EC /* Presenters */ = {
			isa = PBXGroup;
			children = (
				AC3CEDF22432EE5600CEE1EC /* RepositoryPresenter.swift */,
			);
			path = Presenters;
			sourceTree = "<group>";
		};
		AC51D2182431E19300EEC9D2 = {
			isa = PBXGroup;
			children = (
				AC51D2542431E1A300EEC9D2 /* Doc */,
				AC51D2232431E19300EEC9D2 /* Swift-MVC */,
				AC51D23A2431E19700EEC9D2 /* Swift-MVCTests */,
				AC51D2452431E19700EEC9D2 /* Swift-MVCUITests */,
				AC51D2222431E19300EEC9D2 /* Products */,
				0F34DBCA983CB64785FD078B /* Pods */,
				EC22E99841D981DECD4D003E /* Frameworks */,
			);
			sourceTree = "<group>";
		};
		AC51D2222431E19300EEC9D2 /* Products */ = {
			isa = PBXGroup;
			children = (
				AC51D2212431E19300EEC9D2 /* Swift-MVC.app */,
				AC51D2372431E19700EEC9D2 /* Swift-MVCTests.xctest */,
				AC51D2422431E19700EEC9D2 /* Swift-MVCUITests.xctest */,
			);
			name = Products;
			sourceTree = "<group>";
		};
		AC51D2232431E19300EEC9D2 /* Swift-MVC */ = {
			isa = PBXGroup;
			children = (
				ACEAFF292436A94400B976D4 /* Shell */,
				AC2CD82D2438122D00B9D0A8 /* Resouces */,
				AC2CD82324380BB000B9D0A8 /* Extensions */,
				AC37BBB92433DF2300340BEA /* Services */,
				AC3CEDF12432EE2E00CEE1EC /* Presenters */,
				AC51D2572431E67500EEC9D2 /* Views */,
				AC51D2562431E66B00EEC9D2 /* Models */,
				AC2CD82B243811A600B9D0A8 /* R.generated.swift */,
				AC51D2242431E19300EEC9D2 /* AppDelegate.swift */,
				AC51D22D2431E19700EEC9D2 /* Assets.xcassets */,
				AC51D22F2431E19700EEC9D2 /* LaunchScreen.storyboard */,
				AC51D2322431E19700EEC9D2 /* Info.plist */,
			);
			path = "Swift-MVC";
			sourceTree = "<group>";
		};
		AC51D23A2431E19700EEC9D2 /* Swift-MVCTests */ = {
			isa = PBXGroup;
			children = (
				AC51D23B2431E19700EEC9D2 /* Swift_MVCTests.swift */,
				AC51D23D2431E19700EEC9D2 /* Info.plist */,
			);
			path = "Swift-MVCTests";
			sourceTree = "<group>";
		};
		AC51D2452431E19700EEC9D2 /* Swift-MVCUITests */ = {
			isa = PBXGroup;
			children = (
				AC51D2462431E19700EEC9D2 /* Swift_MVCUITests.swift */,
				AC51D2482431E19700EEC9D2 /* Info.plist */,
			);
			path = "Swift-MVCUITests";
			sourceTree = "<group>";
		};
		AC51D2542431E1A300EEC9D2 /* Doc */ = {
			isa = PBXGroup;
			children = (
				AC51D2552431E1CB00EEC9D2 /* README.md */,
			);
			path = Doc;
			sourceTree = "<group>";
		};
		AC51D2562431E66B00EEC9D2 /* Models */ = {
			isa = PBXGroup;
			children = (
				AC51D2592431E6B900EEC9D2 /* Repository.swift */,
				AC51D25B2431E6C700EEC9D2 /* User.swift */,
			);
			path = Models;
			sourceTree = "<group>";
		};
		AC51D2572431E67500EEC9D2 /* Views */ = {
			isa = PBXGroup;
			children = (
				AC51D2282431E19300EEC9D2 /* ViewController.swift */,
			);
			path = Views;
			sourceTree = "<group>";
		};
		ACEAFF292436A94400B976D4 /* Shell */ = {
			isa = PBXGroup;
			children = (
				ACEAFF2A2436A95100B976D4 /* Login */,
				AC2CD82124380BA000B9D0A8 /* BaseViewController.swift */,
			);
			path = Shell;
			sourceTree = "<group>";
		};
		ACEAFF2A2436A95100B976D4 /* Login */ = {
			isa = PBXGroup;
			children = (
				ACEAFF2E2436A97B00B976D4 /* Model */,
				ACEAFF2D2436A97600B976D4 /* View */,
				ACEAFF2C2436A96D00B976D4 /* Controller */,
				ACEAFF2B2436A95B00B976D4 /* ViewModel */,
			);
			path = Login;
			sourceTree = "<group>";
		};
		ACEAFF2B2436A95B00B976D4 /* ViewModel */ = {
			isa = PBXGroup;
			children = (
				ACEAFF372436AFF000B976D4 /* LoginViewModelDelegate.swift */,
				ACEAFF352436AC5C00B976D4 /* LoginViewModel.swift */,
			);
			path = ViewModel;
			sourceTree = "<group>";
		};
		ACEAFF2C2436A96D00B976D4 /* Controller */ = {
			isa = PBXGroup;
			children = (
				ACEAFF312436AA3400B976D4 /* LoginViewController_1.swift */,
				AC2CD82824380E4900B9D0A8 /* LoginViewController.swift */,
				AC57565B243865D5002FCF9B /* ValidatesPhoneNumber.swift */,
				AC57565D243866BF002FCF9B /* ValidatesPassword.swift */,
			);
			path = Controller;
			sourceTree = "<group>";
		};
		ACEAFF2D2436A97600B976D4 /* View */ = {
			isa = PBXGroup;
			children = (
				ACEAFF332436AB2B00B976D4 /* LoginViewController.storyboard */,
			);
			path = View;
			sourceTree = "<group>";
		};
		ACEAFF2E2436A97B00B976D4 /* Model */ = {
			isa = PBXGroup;
			children = (
			);
			path = Model;
			sourceTree = "<group>";
		};
		EC22E99841D981DECD4D003E /* Frameworks */ = {
			isa = PBXGroup;
			children = (
				4DDA711B556568AD33469AF6 /* Pods_Swift_MVC.framework */,
				F65D9DDD6AA78782AEC985CE /* Pods_Swift_MVC_Swift_MVCUITests.framework */,
				57DCB95025EC47A0B4F8CB17 /* Pods_Swift_MVCTests.framework */,
			);
			name = Frameworks;
			sourceTree = "<group>";
		};
/* End PBXGroup section */

/* Begin PBXNativeTarget section */
		AC51D2202431E19300EEC9D2 /* Swift-MVC */ = {
			isa = PBXNativeTarget;
			buildConfigurationList = AC51D24B2431E19700EEC9D2 /* Build configuration list for PBXNativeTarget "Swift-MVC" */;
			buildPhases = (
				B54186B5A45E013CE676D854 /* [CP] Check Pods Manifest.lock */,
				AC2CD82A2438108400B9D0A8 /* ShellScript */,
				AC51D21D2431E19300EEC9D2 /* Sources */,
				AC51D21E2431E19300EEC9D2 /* Frameworks */,
				AC51D21F2431E19300EEC9D2 /* Resources */,
				D5D3F950189C60B4F3E77143 /* [CP] Embed Pods Frameworks */,
			);
			buildRules = (
			);
			dependencies = (
			);
			name = "Swift-MVC";
			productName = "Swift-MVC";
			productReference = AC51D2212431E19300EEC9D2 /* Swift-MVC.app */;
			productType = "com.apple.product-type.application";
		};
		AC51D2362431E19700EEC9D2 /* Swift-MVCTests */ = {
			isa = PBXNativeTarget;
			buildConfigurationList = AC51D24E2431E19700EEC9D2 /* Build configuration list for PBXNativeTarget "Swift-MVCTests" */;
			buildPhases = (
				F111D5B70AB5C97BFF863F96 /* [CP] Check Pods Manifest.lock */,
				AC51D2332431E19700EEC9D2 /* Sources */,
				AC51D2342431E19700EEC9D2 /* Frameworks */,
				AC51D2352431E19700EEC9D2 /* Resources */,
			);
			buildRules = (
			);
			dependencies = (
				AC51D2392431E19700EEC9D2 /* PBXTargetDependency */,
			);
			name = "Swift-MVCTests";
			productName = "Swift-MVCTests";
			productReference = AC51D2372431E19700EEC9D2 /* Swift-MVCTests.xctest */;
			productType = "com.apple.product-type.bundle.unit-test";
		};
		AC51D2412431E19700EEC9D2 /* Swift-MVCUITests */ = {
			isa = PBXNativeTarget;
			buildConfigurationList = AC51D2512431E19700EEC9D2 /* Build configuration list for PBXNativeTarget "Swift-MVCUITests" */;
			buildPhases = (
				B09F2EBC5027BA29389AB042 /* [CP] Check Pods Manifest.lock */,
				AC51D23E2431E19700EEC9D2 /* Sources */,
				AC51D23F2431E19700EEC9D2 /* Frameworks */,
				AC51D2402431E19700EEC9D2 /* Resources */,
				ACA1BA1363486AC03CAED074 /* [CP] Embed Pods Frameworks */,
			);
			buildRules = (
			);
			dependencies = (
				AC51D2442431E19700EEC9D2 /* PBXTargetDependency */,
			);
			name = "Swift-MVCUITests";
			productName = "Swift-MVCUITests";
			productReference = AC51D2422431E19700EEC9D2 /* Swift-MVCUITests.xctest */;
			productType = "com.apple.product-type.bundle.ui-testing";
		};
/* End PBXNativeTarget section */

/* Begin PBXProject section */
		AC51D2192431E19300EEC9D2 /* Project object */ = {
			isa = PBXProject;
			attributes = {
				LastSwiftUpdateCheck = 1140;
				LastUpgradeCheck = 1140;
				ORGANIZATIONNAME = lizhu;
				TargetAttributes = {
					AC51D2202431E19300EEC9D2 = {
						CreatedOnToolsVersion = 11.4;
						LastSwiftMigration = 1140;
					};
					AC51D2362431E19700EEC9D2 = {
						CreatedOnToolsVersion = 11.4;
						TestTargetID = AC51D2202431E19300EEC9D2;
					};
					AC51D2412431E19700EEC9D2 = {
						CreatedOnToolsVersion = 11.4;
						TestTargetID = AC51D2202431E19300EEC9D2;
					};
				};
			};
			buildConfigurationList = AC51D21C2431E19300EEC9D2 /* Build configuration list for PBXProject "Swift-MVC" */;
			compatibilityVersion = "Xcode 9.3";
			developmentRegion = en;
			hasScannedForEncodings = 0;
			knownRegions = (
				en,
				Base,
			);
			mainGroup = AC51D2182431E19300EEC9D2;
			productRefGroup = AC51D2222431E19300EEC9D2 /* Products */;
			projectDirPath = "";
			projectRoot = "";
			targets = (
				AC51D2202431E19300EEC9D2 /* Swift-MVC */,
				AC51D2362431E19700EEC9D2 /* Swift-MVCTests */,
				AC51D2412431E19700EEC9D2 /* Swift-MVCUITests */,
			);
		};
/* End PBXProject section */

/* Begin PBXResourcesBuildPhase section */
		AC51D21F2431E19300EEC9D2 /* Resources */ = {
			isa = PBXResourcesBuildPhase;
			buildActionMask = 2147483647;
			files = (
				AC2CD84F2438122D00B9D0A8 /* home_selected@2x.png in Resources */,
				AC2CD8482438122D00B9D0A8 /* icon_phone@2x.png in Resources */,
				AC2CD8412438122D00B9D0A8 /* home@2x.png in Resources */,
				AC2CD8442438122D00B9D0A8 /* defaultAvatar@2x.jpg in Resources */,
				AC2CD8432438122D00B9D0A8 /* icon_life@2x.png in Resources */,
				AC2CD84D2438122D00B9D0A8 /* mine@2x.png in Resources */,
				AC51D2312431E19700EEC9D2 /* LaunchScreen.storyboard in Resources */,
				ACEAFF342436AB2B00B976D4 /* LoginViewController.storyboard in Resources */,
				AC2CD8472438122D00B9D0A8 /* student@2x.png in Resources */,
				AC2CD8502438122D00B9D0A8 /* icon_live@2x.png in Resources */,
				AC2CD8532438122D00B9D0A8 /* icon_column@2x.png in Resources */,
				AC2CD84E2438122D00B9D0A8 /* icon_between@2x.png in Resources */,
				AC2CD8512438122D00B9D0A8 /* icon_document@2x.png in Resources */,
				AC51D22E2431E19700EEC9D2 /* Assets.xcassets in Resources */,
				AC2CD84C2438122D00B9D0A8 /* logo@2x.png in Resources */,
				AC2CD8422438122D00B9D0A8 /* icon_pwd@2x.png in Resources */,
				AC2CD8522438122D00B9D0A8 /* icon_right_arrow@2x.png in Resources */,
				AC2CD8492438122D00B9D0A8 /* icon_cal@2x.png in Resources */,
				AC2CD8452438122D00B9D0A8 /* mine_selected@2x.png in Resources */,
				AC2CD84A2438122D00B9D0A8 /* icon_course@2x.png in Resources */,
				AC2CD8462438122D00B9D0A8 /* book@2x.png in Resources */,
				AC2CD84B2438122D00B9D0A8 /* detailBg@2x.png in Resources */,
			);
			runOnlyForDeploymentPostprocessing = 0;
		};
		AC51D2352431E19700EEC9D2 /* Resources */ = {
			isa = PBXResourcesBuildPhase;
			buildActionMask = 2147483647;
			files = (
			);
			runOnlyForDeploymentPostprocessing = 0;
		};
		AC51D2402431E19700EEC9D2 /* Resources */ = {
			isa = PBXResourcesBuildPhase;
			buildActionMask = 2147483647;
			files = (
			);
			runOnlyForDeploymentPostprocessing = 0;
		};
/* End PBXResourcesBuildPhase section */

/* Begin PBXShellScriptBuildPhase section */
		AC2CD82A2438108400B9D0A8 /* ShellScript */ = {
			isa = PBXShellScriptBuildPhase;
			buildActionMask = 2147483647;
			files = (
			);
			inputFileListPaths = (
			);
			inputPaths = (
				"$TEMP_DIR/rswift-lastrun",
			);
			outputFileListPaths = (
			);
			outputPaths = (
				$SRCROOT/R.generated.swift,
			);
			runOnlyForDeploymentPostprocessing = 0;
			shellPath = /bin/sh;
			shellScript = "\"$PODS_ROOT/R.swift/rswift\" generate \"$SRCROOT/R.generated.swift\"\n";
		};
		ACA1BA1363486AC03CAED074 /* [CP] Embed Pods Frameworks */ = {
			isa = PBXShellScriptBuildPhase;
			buildActionMask = 2147483647;
			files = (
			);
			inputFileListPaths = (
				"${PODS_ROOT}/Target Support Files/Pods-Swift-MVC-Swift-MVCUITests/Pods-Swift-MVC-Swift-MVCUITests-frameworks-${CONFIGURATION}-input-files.xcfilelist",
			);
			name = "[CP] Embed Pods Frameworks";
			outputFileListPaths = (
				"${PODS_ROOT}/Target Support Files/Pods-Swift-MVC-Swift-MVCUITests/Pods-Swift-MVC-Swift-MVCUITests-frameworks-${CONFIGURATION}-output-files.xcfilelist",
			);
			runOnlyForDeploymentPostprocessing = 0;
			shellPath = /bin/sh;
			shellScript = "\"${PODS_ROOT}/Target Support Files/Pods-Swift-MVC-Swift-MVCUITests/Pods-Swift-MVC-Swift-MVCUITests-frameworks.sh\"\n";
			showEnvVarsInLog = 0;
		};
		B09F2EBC5027BA29389AB042 /* [CP] Check Pods Manifest.lock */ = {
			isa = PBXShellScriptBuildPhase;
			buildActionMask = 2147483647;
			files = (
			);
			inputFileListPaths = (
			);
			inputPaths = (
				"${PODS_PODFILE_DIR_PATH}/Podfile.lock",
				"${PODS_ROOT}/Manifest.lock",
			);
			name = "[CP] Check Pods Manifest.lock";
			outputFileListPaths = (
			);
			outputPaths = (
				"$(DERIVED_FILE_DIR)/Pods-Swift-MVC-Swift-MVCUITests-checkManifestLockResult.txt",
			);
			runOnlyForDeploymentPostprocessing = 0;
			shellPath = /bin/sh;
			shellScript = "diff \"${PODS_PODFILE_DIR_PATH}/Podfile.lock\" \"${PODS_ROOT}/Manifest.lock\" > /dev/null\nif [ $? != 0 ] ; then\n    # print error to STDERR\n    echo \"error: The sandbox is not in sync with the Podfile.lock. Run 'pod install' or update your CocoaPods installation.\" >&2\n    exit 1\nfi\n# This output is used by Xcode 'outputs' to avoid re-running this script phase.\necho \"SUCCESS\" > \"${SCRIPT_OUTPUT_FILE_0}\"\n";
			showEnvVarsInLog = 0;
		};
		B54186B5A45E013CE676D854 /* [CP] Check Pods Manifest.lock */ = {
			isa = PBXShellScriptBuildPhase;
			buildActionMask = 2147483647;
			files = (
			);
			inputFileListPaths = (
			);
			inputPaths = (
				"${PODS_PODFILE_DIR_PATH}/Podfile.lock",
				"${PODS_ROOT}/Manifest.lock",
			);
			name = "[CP] Check Pods Manifest.lock";
			outputFileListPaths = (
			);
			outputPaths = (
				"$(DERIVED_FILE_DIR)/Pods-Swift-MVC-checkManifestLockResult.txt",
			);
			runOnlyForDeploymentPostprocessing = 0;
			shellPath = /bin/sh;
			shellScript = "diff \"${PODS_PODFILE_DIR_PATH}/Podfile.lock\" \"${PODS_ROOT}/Manifest.lock\" > /dev/null\nif [ $? != 0 ] ; then\n    # print error to STDERR\n    echo \"error: The sandbox is not in sync with the Podfile.lock. Run 'pod install' or update your CocoaPods installation.\" >&2\n    exit 1\nfi\n# This output is used by Xcode 'outputs' to avoid re-running this script phase.\necho \"SUCCESS\" > \"${SCRIPT_OUTPUT_FILE_0}\"\n";
			showEnvVarsInLog = 0;
		};
		D5D3F950189C60B4F3E77143 /* [CP] Embed Pods Frameworks */ = {
			isa = PBXShellScriptBuildPhase;
			buildActionMask = 2147483647;
			files = (
			);
			inputFileListPaths = (
				"${PODS_ROOT}/Target Support Files/Pods-Swift-MVC/Pods-Swift-MVC-frameworks-${CONFIGURATION}-input-files.xcfilelist",
			);
			name = "[CP] Embed Pods Frameworks";
			outputFileListPaths = (
				"${PODS_ROOT}/Target Support Files/Pods-Swift-MVC/Pods-Swift-MVC-frameworks-${CONFIGURATION}-output-files.xcfilelist",
			);
			runOnlyForDeploymentPostprocessing = 0;
			shellPath = /bin/sh;
			shellScript = "\"${PODS_ROOT}/Target Support Files/Pods-Swift-MVC/Pods-Swift-MVC-frameworks.sh\"\n";
			showEnvVarsInLog = 0;
		};
		F111D5B70AB5C97BFF863F96 /* [CP] Check Pods Manifest.lock */ = {
			isa = PBXShellScriptBuildPhase;
			buildActionMask = 2147483647;
			files = (
			);
			inputFileListPaths = (
			);
			inputPaths = (
				"${PODS_PODFILE_DIR_PATH}/Podfile.lock",
				"${PODS_ROOT}/Manifest.lock",
			);
			name = "[CP] Check Pods Manifest.lock";
			outputFileListPaths = (
			);
			outputPaths = (
				"$(DERIVED_FILE_DIR)/Pods-Swift-MVCTests-checkManifestLockResult.txt",
			);
			runOnlyForDeploymentPostprocessing = 0;
			shellPath = /bin/sh;
			shellScript = "diff \"${PODS_PODFILE_DIR_PATH}/Podfile.lock\" \"${PODS_ROOT}/Manifest.lock\" > /dev/null\nif [ $? != 0 ] ; then\n    # print error to STDERR\n    echo \"error: The sandbox is not in sync with the Podfile.lock. Run 'pod install' or update your CocoaPods installation.\" >&2\n    exit 1\nfi\n# This output is used by Xcode 'outputs' to avoid re-running this script phase.\necho \"SUCCESS\" > \"${SCRIPT_OUTPUT_FILE_0}\"\n";
			showEnvVarsInLog = 0;
		};
/* End PBXShellScriptBuildPhase section */

/* Begin PBXSourcesBuildPhase section */
		AC51D21D2431E19300EEC9D2 /* Sources */ = {
			isa = PBXSourcesBuildPhase;
			buildActionMask = 2147483647;
			files = (
				ACEAFF382436AFF000B976D4 /* LoginViewModelDelegate.swift in Sources */,
				AC2CD82C243811A600B9D0A8 /* R.generated.swift in Sources */,
				ACEAFF322436AA3400B976D4 /* LoginViewController_1.swift in Sources */,
				AC2CD82224380BA000B9D0A8 /* BaseViewController.swift in Sources */,
				AC51D2292431E19300EEC9D2 /* ViewController.swift in Sources */,
				AC57565C243865D5002FCF9B /* ValidatesPhoneNumber.swift in Sources */,
				AC51D2252431E19300EEC9D2 /* AppDelegate.swift in Sources */,
				AC3CEDF32432EE5600CEE1EC /* RepositoryPresenter.swift in Sources */,
				AC51D25C2431E6C700EEC9D2 /* User.swift in Sources */,
				AC57565E243866BF002FCF9B /* ValidatesPassword.swift in Sources */,
				AC51D25A2431E6B900EEC9D2 /* Repository.swift in Sources */,
				ACEAFF362436AC5C00B976D4 /* LoginViewModel.swift in Sources */,
				AC37BBBB2433DF3B00340BEA /* API.swift in Sources */,
				AC2CD82924380E4900B9D0A8 /* LoginViewController.swift in Sources */,
				AC2CD82524380BD700B9D0A8 /* UIColorExtension.swift in Sources */,
			);
			runOnlyForDeploymentPostprocessing = 0;
		};
		AC51D2332431E19700EEC9D2 /* Sources */ = {
			isa = PBXSourcesBuildPhase;
			buildActionMask = 2147483647;
			files = (
				AC51D23C2431E19700EEC9D2 /* Swift_MVCTests.swift in Sources */,
			);
			runOnlyForDeploymentPostprocessing = 0;
		};
		AC51D23E2431E19700EEC9D2 /* Sources */ = {
			isa = PBXSourcesBuildPhase;
			buildActionMask = 2147483647;
			files = (
				AC51D2472431E19700EEC9D2 /* Swift_MVCUITests.swift in Sources */,
			);
			runOnlyForDeploymentPostprocessing = 0;
		};
/* End PBXSourcesBuildPhase section */

/* Begin PBXTargetDependency section */
		AC51D2392431E19700EEC9D2 /* PBXTargetDependency */ = {
			isa = PBXTargetDependency;
			target = AC51D2202431E19300EEC9D2 /* Swift-MVC */;
			targetProxy = AC51D2382431E19700EEC9D2 /* PBXContainerItemProxy */;
		};
		AC51D2442431E19700EEC9D2 /* PBXTargetDependency */ = {
			isa = PBXTargetDependency;
			target = AC51D2202431E19300EEC9D2 /* Swift-MVC */;
			targetProxy = AC51D2432431E19700EEC9D2 /* PBXContainerItemProxy */;
		};
/* End PBXTargetDependency section */

/* Begin PBXVariantGroup section */
		AC51D22F2431E19700EEC9D2 /* LaunchScreen.storyboard */ = {
			isa = PBXVariantGroup;
			children = (
				AC51D2302431E19700EEC9D2 /* Base */,
			);
			name = LaunchScreen.storyboard;
			sourceTree = "<group>";
		};
/* End PBXVariantGroup section */

/* Begin XCBuildConfiguration section */
		AC51D2492431E19700EEC9D2 /* Debug */ = {
			isa = XCBuildConfiguration;
			buildSettings = {
				ALWAYS_SEARCH_USER_PATHS = NO;
				CLANG_ANALYZER_NONNULL = YES;
				CLANG_ANALYZER_NUMBER_OBJECT_CONVERSION = YES_AGGRESSIVE;
				CLANG_CXX_LANGUAGE_STANDARD = "gnu++14";
				CLANG_CXX_LIBRARY = "libc++";
				CLANG_ENABLE_MODULES = YES;
				CLANG_ENABLE_OBJC_ARC = YES;
				CLANG_ENABLE_OBJC_WEAK = YES;
				CLANG_WARN_BLOCK_CAPTURE_AUTORELEASING = YES;
				CLANG_WARN_BOOL_CONVERSION = YES;
				CLANG_WARN_COMMA = YES;
				CLANG_WARN_CONSTANT_CONVERSION = YES;
				CLANG_WARN_DEPRECATED_OBJC_IMPLEMENTATIONS = YES;
				CLANG_WARN_DIRECT_OBJC_ISA_USAGE = YES_ERROR;
				CLANG_WARN_DOCUMENTATION_COMMENTS = YES;
				CLANG_WARN_EMPTY_BODY = YES;
				CLANG_WARN_ENUM_CONVERSION = YES;
				CLANG_WARN_INFINITE_RECURSION = YES;
				CLANG_WARN_INT_CONVERSION = YES;
				CLANG_WARN_NON_LITERAL_NULL_CONVERSION = YES;
				CLANG_WARN_OBJC_IMPLICIT_RETAIN_SELF = YES;
				CLANG_WARN_OBJC_LITERAL_CONVERSION = YES;
				CLANG_WARN_OBJC_ROOT_CLASS = YES_ERROR;
				CLANG_WARN_RANGE_LOOP_ANALYSIS = YES;
				CLANG_WARN_STRICT_PROTOTYPES = YES;
				CLANG_WARN_SUSPICIOUS_MOVE = YES;
				CLANG_WARN_UNGUARDED_AVAILABILITY = YES_AGGRESSIVE;
				CLANG_WARN_UNREACHABLE_CODE = YES;
				CLANG_WARN__DUPLICATE_METHOD_MATCH = YES;
				COPY_PHASE_STRIP = NO;
				DEBUG_INFORMATION_FORMAT = dwarf;
				ENABLE_STRICT_OBJC_MSGSEND = YES;
				ENABLE_TESTABILITY = YES;
				GCC_C_LANGUAGE_STANDARD = gnu11;
				GCC_DYNAMIC_NO_PIC = NO;
				GCC_NO_COMMON_BLOCKS = YES;
				GCC_OPTIMIZATION_LEVEL = 0;
				GCC_PREPROCESSOR_DEFINITIONS = (
					"DEBUG=1",
					"$(inherited)",
				);
				GCC_WARN_64_TO_32_BIT_CONVERSION = YES;
				GCC_WARN_ABOUT_RETURN_TYPE = YES_ERROR;
				GCC_WARN_UNDECLARED_SELECTOR = YES;
				GCC_WARN_UNINITIALIZED_AUTOS = YES_AGGRESSIVE;
				GCC_WARN_UNUSED_FUNCTION = YES;
				GCC_WARN_UNUSED_VARIABLE = YES;
				IPHONEOS_DEPLOYMENT_TARGET = 13.4;
				MTL_ENABLE_DEBUG_INFO = INCLUDE_SOURCE;
				MTL_FAST_MATH = YES;
				ONLY_ACTIVE_ARCH = YES;
				SDKROOT = iphoneos;
				SWIFT_ACTIVE_COMPILATION_CONDITIONS = DEBUG;
				SWIFT_OPTIMIZATION_LEVEL = "-Onone";
			};
			name = Debug;
		};
		AC51D24A2431E19700EEC9D2 /* Release */ = {
			isa = XCBuildConfiguration;
			buildSettings = {
				ALWAYS_SEARCH_USER_PATHS = NO;
				CLANG_ANALYZER_NONNULL = YES;
				CLANG_ANALYZER_NUMBER_OBJECT_CONVERSION = YES_AGGRESSIVE;
				CLANG_CXX_LANGUAGE_STANDARD = "gnu++14";
				CLANG_CXX_LIBRARY = "libc++";
				CLANG_ENABLE_MODULES = YES;
				CLANG_ENABLE_OBJC_ARC = YES;
				CLANG_ENABLE_OBJC_WEAK = YES;
				CLANG_WARN_BLOCK_CAPTURE_AUTORELEASING = YES;
				CLANG_WARN_BOOL_CONVERSION = YES;
				CLANG_WARN_COMMA = YES;
				CLANG_WARN_CONSTANT_CONVERSION = YES;
				CLANG_WARN_DEPRECATED_OBJC_IMPLEMENTATIONS = YES;
				CLANG_WARN_DIRECT_OBJC_ISA_USAGE = YES_ERROR;
				CLANG_WARN_DOCUMENTATION_COMMENTS = YES;
				CLANG_WARN_EMPTY_BODY = YES;
				CLANG_WARN_ENUM_CONVERSION = YES;
				CLANG_WARN_INFINITE_RECURSION = YES;
				CLANG_WARN_INT_CONVERSION = YES;
				CLANG_WARN_NON_LITERAL_NULL_CONVERSION = YES;
				CLANG_WARN_OBJC_IMPLICIT_RETAIN_SELF = YES;
				CLANG_WARN_OBJC_LITERAL_CONVERSION = YES;
				CLANG_WARN_OBJC_ROOT_CLASS = YES_ERROR;
				CLANG_WARN_RANGE_LOOP_ANALYSIS = YES;
				CLANG_WARN_STRICT_PROTOTYPES = YES;
				CLANG_WARN_SUSPICIOUS_MOVE = YES;
				CLANG_WARN_UNGUARDED_AVAILABILITY = YES_AGGRESSIVE;
				CLANG_WARN_UNREACHABLE_CODE = YES;
				CLANG_WARN__DUPLICATE_METHOD_MATCH = YES;
				COPY_PHASE_STRIP = NO;
				DEBUG_INFORMATION_FORMAT = "dwarf-with-dsym";
				ENABLE_NS_ASSERTIONS = NO;
				ENABLE_STRICT_OBJC_MSGSEND = YES;
				GCC_C_LANGUAGE_STANDARD = gnu11;
				GCC_NO_COMMON_BLOCKS = YES;
				GCC_WARN_64_TO_32_BIT_CONVERSION = YES;
				GCC_WARN_ABOUT_RETURN_TYPE = YES_ERROR;
				GCC_WARN_UNDECLARED_SELECTOR = YES;
				GCC_WARN_UNINITIALIZED_AUTOS = YES_AGGRESSIVE;
				GCC_WARN_UNUSED_FUNCTION = YES;
				GCC_WARN_UNUSED_VARIABLE = YES;
				IPHONEOS_DEPLOYMENT_TARGET = 13.4;
				MTL_ENABLE_DEBUG_INFO = NO;
				MTL_FAST_MATH = YES;
				SDKROOT = iphoneos;
				SWIFT_COMPILATION_MODE = wholemodule;
				SWIFT_OPTIMIZATION_LEVEL = "-O";
				VALIDATE_PRODUCT = YES;
			};
			name = Release;
		};
		AC51D24C2431E19700EEC9D2 /* Debug */ = {
			isa = XCBuildConfiguration;
			baseConfigurationReference = 2619630E8E1B2CA6066D35A2 /* Pods-Swift-MVC.debug.xcconfig */;
			buildSettings = {
				ASSETCATALOG_COMPILER_APPICON_NAME = AppIcon;
				CLANG_ENABLE_MODULES = YES;
				CODE_SIGN_STYLE = Automatic;
				DEVELOPMENT_TEAM = BB32Z2HJJY;
				INFOPLIST_FILE = "Swift-MVC/Info.plist";
				LD_RUNPATH_SEARCH_PATHS = (
					"$(inherited)",
					"@executable_path/Frameworks",
				);
				PRODUCT_BUNDLE_IDENTIFIER = "com.zhuli8.Swift-MVC";
				PRODUCT_NAME = "$(TARGET_NAME)";
				SWIFT_OBJC_BRIDGING_HEADER = "Swift-MVC-Bridging-Header.h";
				SWIFT_OPTIMIZATION_LEVEL = "-Onone";
				SWIFT_VERSION = 5.0;
				TARGETED_DEVICE_FAMILY = "1,2";
			};
			name = Debug;
		};
		AC51D24D2431E19700EEC9D2 /* Release */ = {
			isa = XCBuildConfiguration;
			baseConfigurationReference = 9F8741B119FDE19B4C681FB9 /* Pods-Swift-MVC.release.xcconfig */;
			buildSettings = {
				ASSETCATALOG_COMPILER_APPICON_NAME = AppIcon;
				CLANG_ENABLE_MODULES = YES;
				CODE_SIGN_STYLE = Automatic;
				DEVELOPMENT_TEAM = BB32Z2HJJY;
				INFOPLIST_FILE = "Swift-MVC/Info.plist";
				LD_RUNPATH_SEARCH_PATHS = (
					"$(inherited)",
					"@executable_path/Frameworks",
				);
				PRODUCT_BUNDLE_IDENTIFIER = "com.zhuli8.Swift-MVC";
				PRODUCT_NAME = "$(TARGET_NAME)";
				SWIFT_OBJC_BRIDGING_HEADER = "Swift-MVC-Bridging-Header.h";
				SWIFT_VERSION = 5.0;
				TARGETED_DEVICE_FAMILY = "1,2";
			};
			name = Release;
		};
		AC51D24F2431E19700EEC9D2 /* Debug */ = {
			isa = XCBuildConfiguration;
			baseConfigurationReference = 409E916D43555DD9B7BED2A1 /* Pods-Swift-MVCTests.debug.xcconfig */;
			buildSettings = {
				ALWAYS_EMBED_SWIFT_STANDARD_LIBRARIES = YES;
				BUNDLE_LOADER = "$(TEST_HOST)";
				CODE_SIGN_STYLE = Automatic;
				DEVELOPMENT_TEAM = BB32Z2HJJY;
				INFOPLIST_FILE = "Swift-MVCTests/Info.plist";
				IPHONEOS_DEPLOYMENT_TARGET = 13.4;
				LD_RUNPATH_SEARCH_PATHS = (
					"$(inherited)",
					"@executable_path/Frameworks",
					"@loader_path/Frameworks",
				);
				PRODUCT_BUNDLE_IDENTIFIER = "com.zhuli8.Swift-MVCTests";
				PRODUCT_NAME = "$(TARGET_NAME)";
				SWIFT_VERSION = 5.0;
				TARGETED_DEVICE_FAMILY = "1,2";
				TEST_HOST = "$(BUILT_PRODUCTS_DIR)/Swift-MVC.app/Swift-MVC";
			};
			name = Debug;
		};
		AC51D2502431E19700EEC9D2 /* Release */ = {
			isa = XCBuildConfiguration;
			baseConfigurationReference = 34E03549CBF548C4C6FC1877 /* Pods-Swift-MVCTests.release.xcconfig */;
			buildSettings = {
				ALWAYS_EMBED_SWIFT_STANDARD_LIBRARIES = YES;
				BUNDLE_LOADER = "$(TEST_HOST)";
				CODE_SIGN_STYLE = Automatic;
				DEVELOPMENT_TEAM = BB32Z2HJJY;
				INFOPLIST_FILE = "Swift-MVCTests/Info.plist";
				IPHONEOS_DEPLOYMENT_TARGET = 13.4;
				LD_RUNPATH_SEARCH_PATHS = (
					"$(inherited)",
					"@executable_path/Frameworks",
					"@loader_path/Frameworks",
				);
				PRODUCT_BUNDLE_IDENTIFIER = "com.zhuli8.Swift-MVCTests";
				PRODUCT_NAME = "$(TARGET_NAME)";
				SWIFT_VERSION = 5.0;
				TARGETED_DEVICE_FAMILY = "1,2";
				TEST_HOST = "$(BUILT_PRODUCTS_DIR)/Swift-MVC.app/Swift-MVC";
			};
			name = Release;
		};
		AC51D2522431E19700EEC9D2 /* Debug */ = {
			isa = XCBuildConfiguration;
			baseConfigurationReference = A8DA757E0FA2459A41625EAB /* Pods-Swift-MVC-Swift-MVCUITests.debug.xcconfig */;
			buildSettings = {
				ALWAYS_EMBED_SWIFT_STANDARD_LIBRARIES = YES;
				CODE_SIGN_STYLE = Automatic;
				DEVELOPMENT_TEAM = BB32Z2HJJY;
				INFOPLIST_FILE = "Swift-MVCUITests/Info.plist";
				LD_RUNPATH_SEARCH_PATHS = (
					"$(inherited)",
					"@executable_path/Frameworks",
					"@loader_path/Frameworks",
				);
				PRODUCT_BUNDLE_IDENTIFIER = "com.zhuli8.Swift-MVCUITests";
				PRODUCT_NAME = "$(TARGET_NAME)";
				SWIFT_VERSION = 5.0;
				TARGETED_DEVICE_FAMILY = "1,2";
				TEST_TARGET_NAME = "Swift-MVC";
			};
			name = Debug;
		};
		AC51D2532431E19700EEC9D2 /* Release */ = {
			isa = XCBuildConfiguration;
			baseConfigurationReference = 0E60F76F9717A871CAD1D063 /* Pods-Swift-MVC-Swift-MVCUITests.release.xcconfig */;
			buildSettings = {
				ALWAYS_EMBED_SWIFT_STANDARD_LIBRARIES = YES;
				CODE_SIGN_STYLE = Automatic;
				DEVELOPMENT_TEAM = BB32Z2HJJY;
				INFOPLIST_FILE = "Swift-MVCUITests/Info.plist";
				LD_RUNPATH_SEARCH_PATHS = (
					"$(inherited)",
					"@executable_path/Frameworks",
					"@loader_path/Frameworks",
				);
				PRODUCT_BUNDLE_IDENTIFIER = "com.zhuli8.Swift-MVCUITests";
				PRODUCT_NAME = "$(TARGET_NAME)";
				SWIFT_VERSION = 5.0;
				TARGETED_DEVICE_FAMILY = "1,2";
				TEST_TARGET_NAME = "Swift-MVC";
			};
			name = Release;
		};
/* End XCBuildConfiguration section */

/* Begin XCConfigurationList section */
		AC51D21C2431E19300EEC9D2 /* Build configuration list for PBXProject "Swift-MVC" */ = {
			isa = XCConfigurationList;
			buildConfigurations = (
				AC51D2492431E19700EEC9D2 /* Debug */,
				AC51D24A2431E19700EEC9D2 /* Release */,
			);
			defaultConfigurationIsVisible = 0;
			defaultConfigurationName = Release;
		};
		AC51D24B2431E19700EEC9D2 /* Build configuration list for PBXNativeTarget "Swift-MVC" */ = {
			isa = XCConfigurationList;
			buildConfigurations = (
				AC51D24C2431E19700EEC9D2 /* Debug */,
				AC51D24D2431E19700EEC9D2 /* Release */,
			);
			defaultConfigurationIsVisible = 0;
			defaultConfigurationName = Release;
		};
		AC51D24E2431E19700EEC9D2 /* Build configuration list for PBXNativeTarget "Swift-MVCTests" */ = {
			isa = XCConfigurationList;
			buildConfigurations = (
				AC51D24F2431E19700EEC9D2 /* Debug */,
				AC51D2502431E19700EEC9D2 /* Release */,
			);
			defaultConfigurationIsVisible = 0;
			defaultConfigurationName = Release;
		};
		AC51D2512431E19700EEC9D2 /* Build configuration list for PBXNativeTarget "Swift-MVCUITests" */ = {
			isa = XCConfigurationList;
			buildConfigurations = (
				AC51D2522431E19700EEC9D2 /* Debug */,
				AC51D2532431E19700EEC9D2 /* Release */,
			);
			defaultConfigurationIsVisible = 0;
			defaultConfigurationName = Release;
		};
/* End XCConfigurationList section */
	};
	rootObject = AC51D2192431E19300EEC9D2 /* Project object */;
}
